
Microsoft Visual Studio Solution File, Format Version 12.00
# Visual Studio Version 17
VisualStudioVersion = 17.1.31911.260
MinimumVisualStudioVersion = 10.0.40219.1
Project("{FAE04EC0-301F-11D3-BF4B-00C04F79EFBC}") = "labaNum8", "labaNum8\labaNum8.csproj", "{A20D0D42-469D-4F19-A500-FE039B9CDC71}"
EndProject
Global
	GlobalSection(SolutionConfigurationPlatforms) = preSolution
		Debug|Any CPU = Debug|Any CPU
		Release|Any CPU = Release|Any CPU
	EndGlobalSection
	GlobalSection(ProjectConfigurationPlatforms) = postSolution
		{A20D0D42-469D-4F19-A500-FE039B9CDC71}.Debug|Any CPU.ActiveCfg = Debug|Any CPU
		{A20D0D42-469D-4F19-A500-FE039B9CDC71}.Debug|Any CPU.Build.0 = Debug|Any CPU
		{A20D0D42-469D-4F19-A500-FE039B9CDC71}.Release|Any CPU.ActiveCfg = Release|Any CPU
		{A20D0D42-469D-4F19-A500-FE039B9CDC71}.Release|Any CPU.Build.0 = Release|Any CPU
	EndGlobalSection
	GlobalSection(SolutionProperties) = preSolution
		HideSolutionNode = FALSE
	EndGlobalSection
	GlobalSection(ExtensibilityGlobals) = postSolution
		SolutionGuid = {67563C87-2676-4E6D-92E7-FBD98D19C068}
	EndGlobalSection
EndGlobal
